
Microsoft Visual Studio Solution File, Format Version 12.00
# Visual Studio Version 17
VisualStudioVersion = 17.14.36414.22
MinimumVisualStudioVersion = 10.0.40219.1
Project("{2150E333-8FDC-42A3-9474-1A3956D46DE8}") = "Task0", "Task0", "{02EA681E-C7D8-13C7-8484-4AC65E1B71E8}"
EndProject
Project("{FAE04EC0-301F-11D3-BF4B-00C04F79EFBC}") = "Tyuiu.KorolkovDS.Sprint4.Task0.V28", "Tyuiu.KorolkovDS.Sprint4.Task0.V28\Tyuiu.KorolkovDS.Sprint4.Task0.V28.csproj", "{73323DA3-6BE9-4EB3-91C5-70ACE082445E}"
EndProject
Project("{FAE04EC0-301F-11D3-BF4B-00C04F79EFBC}") = "Tyuiu.KorolkovDS.Sprint4.Task0.V28.Lib", "Tyuiu.KorolkovDS.Sprint4.Task0.V28.Lib\Tyuiu.KorolkovDS.Sprint4.Task0.V28.Lib.csproj", "{D8998220-1D5B-4EF6-85F1-95BD9E071312}"
EndProject
Project("{FAE04EC0-301F-11D3-BF4B-00C04F79EFBC}") = "Tyuiu.KorolkovDS.Sprint4.Task0.V28.Test", "Tyuiu.KorolkovDS.Sprint4.Task0.V28.Test\Tyuiu.KorolkovDS.Sprint4.Task0.V28.Test.csproj", "{4A9204CE-F64C-4351-A082-2D385719DB69}"
EndProject
Project("{2150E333-8FDC-42A3-9474-1A3956D46DE8}") = "Task1", "Task1", "{E5D044E6-6B67-4853-AB1D-5D933CDC9C52}"
EndProject
Project("{FAE04EC0-301F-11D3-BF4B-00C04F79EFBC}") = "Tyuiu.KorolkovDS.Sprint4.Task1.V22", "Tyuiu.KorolkovDS.Sprint4.Task1.V22\Tyuiu.KorolkovDS.Sprint4.Task1.V22.csproj", "{B585AF11-5D50-4EAD-BD36-51FC2E2E9128}"
EndProject
Project("{FAE04EC0-301F-11D3-BF4B-00C04F79EFBC}") = "Tyuiu.KorolkovDS.Sprint4.Task1.V22.Lib", "Tyuiu.KorolkovDS.Sprint4.Task1.V22.Lib\Tyuiu.KorolkovDS.Sprint4.Task1.V22.Lib.csproj", "{F1285B38-C246-44F4-AD01-98E534DB0FBD}"
EndProject
Project("{FAE04EC0-301F-11D3-BF4B-00C04F79EFBC}") = "Tyuiu.KorolkovDS.Sprint4.Task1.V22.Test", "Tyuiu.KorolkovDS.Sprint4.Task1.V22.Test\Tyuiu.KorolkovDS.Sprint4.Task1.V22.Test.csproj", "{F5DEFE0D-777D-40D2-94FB-E02D639F5711}"
EndProject
Project("{2150E333-8FDC-42A3-9474-1A3956D46DE8}") = "Task2", "Task2", "{A47DC049-1DA8-44CB-AEBE-2EBA94FE3855}"
EndProject
Project("{FAE04EC0-301F-11D3-BF4B-00C04F79EFBC}") = "Tyuiu.KorolkovDS.Sprint4.Task2.V28", "Tyuiu.KorolkovDS.Sprint4.Task2.V28\Tyuiu.KorolkovDS.Sprint4.Task2.V28.csproj", "{419E37BA-3957-465F-BD3B-6F19DBC38587}"
EndProject
Project("{FAE04EC0-301F-11D3-BF4B-00C04F79EFBC}") = "Tyuiu.KorolkovDS.Sprint4.Task2.V28.Lib", "Tyuiu.KorolkovDS.Sprint4.Task2.V28.Lib\Tyuiu.KorolkovDS.Sprint4.Task2.V28.Lib.csproj", "{5A8615C2-D6AB-423C-9EAC-D8FEBD7DFD81}"
EndProject
Project("{FAE04EC0-301F-11D3-BF4B-00C04F79EFBC}") = "Tyuiu.KorolkovDS.Sprint4.Task2.V28.Test", "Tyuiu.KorolkovDS.Sprint4.Task2.V28.Test\Tyuiu.KorolkovDS.Sprint4.Task2.V28.Test.csproj", "{B115A721-0730-45B9-91D8-B39BED84A269}"
EndProject
Global
	GlobalSection(SolutionConfigurationPlatforms) = preSolution
		Debug|Any CPU = Debug|Any CPU
		Release|Any CPU = Release|Any CPU
	EndGlobalSection
	GlobalSection(ProjectConfigurationPlatforms) = postSolution
		{73323DA3-6BE9-4EB3-91C5-70ACE082445E}.Debug|Any CPU.ActiveCfg = Debug|Any CPU
		{73323DA3-6BE9-4EB3-91C5-70ACE082445E}.Debug|Any CPU.Build.0 = Debug|Any CPU
		{73323DA3-6BE9-4EB3-91C5-70ACE082445E}.Release|Any CPU.ActiveCfg = Release|Any CPU
		{73323DA3-6BE9-4EB3-91C5-70ACE082445E}.Release|Any CPU.Build.0 = Release|Any CPU
		{D8998220-1D5B-4EF6-85F1-95BD9E071312}.Debug|Any CPU.ActiveCfg = Debug|Any CPU
		{D8998220-1D5B-4EF6-85F1-95BD9E071312}.Debug|Any CPU.Build.0 = Debug|Any CPU
		{D8998220-1D5B-4EF6-85F1-95BD9E071312}.Release|Any CPU.ActiveCfg = Release|Any CPU
		{D8998220-1D5B-4EF6-85F1-95BD9E071312}.Release|Any CPU.Build.0 = Release|Any CPU
		{4A9204CE-F64C-4351-A082-2D385719DB69}.Debug|Any CPU.ActiveCfg = Debug|Any CPU
		{4A9204CE-F64C-4351-A082-2D385719DB69}.Debug|Any CPU.Build.0 = Debug|Any CPU
		{4A9204CE-F64C-4351-A082-2D385719DB69}.Release|Any CPU.ActiveCfg = Release|Any CPU
		{4A9204CE-F64C-4351-A082-2D385719DB69}.Release|Any CPU.Build.0 = Release|Any CPU
		{B585AF11-5D50-4EAD-BD36-51FC2E2E9128}.Debug|Any CPU.ActiveCfg = Debug|Any CPU
		{B585AF11-5D50-4EAD-BD36-51FC2E2E9128}.Debug|Any CPU.Build.0 = Debug|Any CPU
		{B585AF11-5D50-4EAD-BD36-51FC2E2E9128}.Release|Any CPU.ActiveCfg = Release|Any CPU
		{B585AF11-5D50-4EAD-BD36-51FC2E2E9128}.Release|Any CPU.Build.0 = Release|Any CPU
		{F1285B38-C246-44F4-AD01-98E534DB0FBD}.Debug|Any CPU.ActiveCfg = Debug|Any CPU
		{F1285B38-C246-44F4-AD01-98E534DB0FBD}.Debug|Any CPU.Build.0 = Debug|Any CPU
		{F1285B38-C246-44F4-AD01-98E534DB0FBD}.Release|Any CPU.ActiveCfg = Release|Any CPU
		{F1285B38-C246-44F4-AD01-98E534DB0FBD}.Release|Any CPU.Build.0 = Release|Any CPU
		{F5DEFE0D-777D-40D2-94FB-E02D639F5711}.Debug|Any CPU.ActiveCfg = Debug|Any CPU
		{F5DEFE0D-777D-40D2-94FB-E02D639F5711}.Debug|Any CPU.Build.0 = Debug|Any CPU
		{F5DEFE0D-777D-40D2-94FB-E02D639F5711}.Release|Any CPU.ActiveCfg = Release|Any CPU
		{F5DEFE0D-777D-40D2-94FB-E02D639F5711}.Release|Any CPU.Build.0 = Release|Any CPU
		{419E37BA-3957-465F-BD3B-6F19DBC38587}.Debug|Any CPU.ActiveCfg = Debug|Any CPU
		{419E37BA-3957-465F-BD3B-6F19DBC38587}.Debug|Any CPU.Build.0 = Debug|Any CPU
		{419E37BA-3957-465F-BD3B-6F19DBC38587}.Release|Any CPU.ActiveCfg = Release|Any CPU
		{419E37BA-3957-465F-BD3B-6F19DBC38587}.Release|Any CPU.Build.0 = Release|Any CPU
		{5A8615C2-D6AB-423C-9EAC-D8FEBD7DFD81}.Debug|Any CPU.ActiveCfg = Debug|Any CPU
		{5A8615C2-D6AB-423C-9EAC-D8FEBD7DFD81}.Debug|Any CPU.Build.0 = Debug|Any CPU
		{5A8615C2-D6AB-423C-9EAC-D8FEBD7DFD81}.Release|Any CPU.ActiveCfg = Release|Any CPU
		{5A8615C2-D6AB-423C-9EAC-D8FEBD7DFD81}.Release|Any CPU.Build.0 = Release|Any CPU
		{B115A721-0730-45B9-91D8-B39BED84A269}.Debug|Any CPU.ActiveCfg = Debug|Any CPU
		{B115A721-0730-45B9-91D8-B39BED84A269}.Debug|Any CPU.Build.0 = Debug|Any CPU
		{B115A721-0730-45B9-91D8-B39BED84A269}.Release|Any CPU.ActiveCfg = Release|Any CPU
		{B115A721-0730-45B9-91D8-B39BED84A269}.Release|Any CPU.Build.0 = Release|Any CPU
	EndGlobalSection
	GlobalSection(SolutionProperties) = preSolution
		HideSolutionNode = FALSE
	EndGlobalSection
	GlobalSection(NestedProjects) = preSolution
		{73323DA3-6BE9-4EB3-91C5-70ACE082445E} = {02EA681E-C7D8-13C7-8484-4AC65E1B71E8}
		{D8998220-1D5B-4EF6-85F1-95BD9E071312} = {02EA681E-C7D8-13C7-8484-4AC65E1B71E8}
		{4A9204CE-F64C-4351-A082-2D385719DB69} = {02EA681E-C7D8-13C7-8484-4AC65E1B71E8}
		{B585AF11-5D50-4EAD-BD36-51FC2E2E9128} = {E5D044E6-6B67-4853-AB1D-5D933CDC9C52}
		{F1285B38-C246-44F4-AD01-98E534DB0FBD} = {E5D044E6-6B67-4853-AB1D-5D933CDC9C52}
		{F5DEFE0D-777D-40D2-94FB-E02D639F5711} = {E5D044E6-6B67-4853-AB1D-5D933CDC9C52}
		{419E37BA-3957-465F-BD3B-6F19DBC38587} = {A47DC049-1DA8-44CB-AEBE-2EBA94FE3855}
		{5A8615C2-D6AB-423C-9EAC-D8FEBD7DFD81} = {A47DC049-1DA8-44CB-AEBE-2EBA94FE3855}
		{B115A721-0730-45B9-91D8-B39BED84A269} = {A47DC049-1DA8-44CB-AEBE-2EBA94FE3855}
	EndGlobalSection
	GlobalSection(ExtensibilityGlobals) = postSolution
		SolutionGuid = {BF2D1EEB-C31D-4AE0-953D-0FD356E6104C}
	EndGlobalSection
EndGlobal
