
Microsoft Visual Studio Solution File, Format Version 12.00
# Visual Studio Version 17
VisualStudioVersion = 17.14.36414.22
MinimumVisualStudioVersion = 10.0.40219.1
Project("{2150E333-8FDC-42A3-9474-1A3956D46DE8}") = "Task0", "Task0", "{02EA681E-C7D8-13C7-8484-4AC65E1B71E8}"
EndProject
Project("{FAE04EC0-301F-11D3-BF4B-00C04F79EFBC}") = "Tyuiu.KorolkovDS.Sprint4.Task0.V28", "Tyuiu.KorolkovDS.Sprint4.Task0.V28\Tyuiu.KorolkovDS.Sprint4.Task0.V28.csproj", "{73323DA3-6BE9-4EB3-91C5-70ACE082445E}"
EndProject
Project("{FAE04EC0-301F-11D3-BF4B-00C04F79EFBC}") = "Tyuiu.KorolkovDS.Sprint4.Task0.V28.Lib", "Tyuiu.KorolkovDS.Sprint4.Task0.V28.Lib\Tyuiu.KorolkovDS.Sprint4.Task0.V28.Lib.csproj", "{D8998220-1D5B-4EF6-85F1-95BD9E071312}"
EndProject
Project("{FAE04EC0-301F-11D3-BF4B-00C04F79EFBC}") = "Tyuiu.KorolkovDS.Sprint4.Task0.V28.Test", "Tyuiu.KorolkovDS.Sprint4.Task0.V28.Test\Tyuiu.KorolkovDS.Sprint4.Task0.V28.Test.csproj", "{4A9204CE-F64C-4351-A082-2D385719DB69}"
EndProject
Project("{2150E333-8FDC-42A3-9474-1A3956D46DE8}") = "Task1", "Task1", "{E5D044E6-6B67-4853-AB1D-5D933CDC9C52}"
EndProject
Project("{FAE04EC0-301F-11D3-BF4B-00C04F79EFBC}") = "Tyuiu.KorolkovDS.Sprint4.Task1.V22", "Tyuiu.KorolkovDS.Sprint4.Task1.V22\Tyuiu.KorolkovDS.Sprint4.Task1.V22.csproj", "{B585AF11-5D50-4EAD-BD36-51FC2E2E9128}"
EndProject
Project("{FAE04EC0-301F-11D3-BF4B-00C04F79EFBC}") = "Tyuiu.KorolkovDS.Sprint4.Task1.V22.Lib", "Tyuiu.KorolkovDS.Sprint4.Task1.V22.Lib\Tyuiu.KorolkovDS.Sprint4.Task1.V22.Lib.csproj", "{F1285B38-C246-44F4-AD01-98E534DB0FBD}"
EndProject
Project("{FAE04EC0-301F-11D3-BF4B-00C04F79EFBC}") = "Tyuiu.KorolkovDS.Sprint4.Task1.V22.Test", "Tyuiu.KorolkovDS.Sprint4.Task1.V22.Test\Tyuiu.KorolkovDS.Sprint4.Task1.V22.Test.csproj", "{F5DEFE0D-777D-40D2-94FB-E02D639F5711}"
EndProject
Project("{2150E333-8FDC-42A3-9474-1A3956D46DE8}") = "Task2", "Task2", "{A47DC049-1DA8-44CB-AEBE-2EBA94FE3855}"
EndProject
Project("{FAE04EC0-301F-11D3-BF4B-00C04F79EFBC}") = "Tyuiu.KorolkovDS.Sprint4.Task2.V28", "Tyuiu.KorolkovDS.Sprint4.Task2.V28\Tyuiu.KorolkovDS.Sprint4.Task2.V28.csproj", "{419E37BA-3957-465F-BD3B-6F19DBC38587}"
EndProject
Project("{FAE04EC0-301F-11D3-BF4B-00C04F79EFBC}") = "Tyuiu.KorolkovDS.Sprint4.Task2.V28.Lib", "Tyuiu.KorolkovDS.Sprint4.Task2.V28.Lib\Tyuiu.KorolkovDS.Sprint4.Task2.V28.Lib.csproj", "{5A8615C2-D6AB-423C-9EAC-D8FEBD7DFD81}"
EndProject
Project("{FAE04EC0-301F-11D3-BF4B-00C04F79EFBC}") = "Tyuiu.KorolkovDS.Sprint4.Task2.V28.Test", "Tyuiu.KorolkovDS.Sprint4.Task2.V28.Test\Tyuiu.KorolkovDS.Sprint4.Task2.V28.Test.csproj", "{B115A721-0730-45B9-91D8-B39BED84A269}"
EndProject
Project("{2150E333-8FDC-42A3-9474-1A3956D46DE8}") = "Task3", "Task3", "{1839EF2E-7894-4DB7-A0CA-CCF3381B327B}"
EndProject
Project("{FAE04EC0-301F-11D3-BF4B-00C04F79EFBC}") = "Tyuiu.KorolkovDS.Sprint4.Task3.V5", "Tyuiu.KorolkovDS.Sprint4.Task3.V5\Tyuiu.KorolkovDS.Sprint4.Task3.V5.csproj", "{C9C8F63A-15EA-47C7-BF51-ACA645F7FA4E}"
EndProject
Project("{FAE04EC0-301F-11D3-BF4B-00C04F79EFBC}") = "Tyuiu.KorolkovDS.Sprint4.Task3.V5.Lib", "Tyuiu.KorolkovDS.Sprint4.Task3.V5.Lib\Tyuiu.KorolkovDS.Sprint4.Task3.V5.Lib.csproj", "{64BC2FC7-3C46-43BE-9F2A-7821E8F65C22}"
EndProject
Project("{FAE04EC0-301F-11D3-BF4B-00C04F79EFBC}") = "Tyuiu.KorolkovDS.Sprint4.Task3.V5.Test", "Tyuiu.KorolkovDS.Sprint4.Task3.V5.Test\Tyuiu.KorolkovDS.Sprint4.Task3.V5.Test.csproj", "{3B64C288-45CA-43D8-8E20-C18D94986E29}"
EndProject
Project("{2150E333-8FDC-42A3-9474-1A3956D46DE8}") = "Task4", "Task4", "{2ED02700-8F22-4490-8E08-995D6D7BBA76}"
EndProject
Project("{FAE04EC0-301F-11D3-BF4B-00C04F79EFBC}") = "Tyuiu.KorolkovDS.Sprint4.Task4.V30", "Tyuiu.KorolkovDS.Sprint4.Task4.V30\Tyuiu.KorolkovDS.Sprint4.Task4.V30.csproj", "{987BA7B7-4041-4C53-9A5A-0D545C947DD6}"
EndProject
Project("{FAE04EC0-301F-11D3-BF4B-00C04F79EFBC}") = "Tyuiu.KorolkovDS.Sprint4.Task4.V30.Lib", "Tyuiu.KorolkovDS.Sprint4.Task4.V30.Lib\Tyuiu.KorolkovDS.Sprint4.Task4.V30.Lib.csproj", "{F6FF7BEA-3ECF-4C89-8D40-CE63B0F4FEA3}"
EndProject
Project("{FAE04EC0-301F-11D3-BF4B-00C04F79EFBC}") = "Tyuiu.KorolkovDS.Sprint4.Task4.V30.Test", "Tyuiu.KorolkovDS.Sprint4.Task4.V30.Test\Tyuiu.KorolkovDS.Sprint4.Task4.V30.Test.csproj", "{C61A4A68-CFAA-4B0C-827D-0F3AC2E32450}"
EndProject
Project("{2150E333-8FDC-42A3-9474-1A3956D46DE8}") = "Task5", "Task5", "{959BFD03-1E9A-450A-B566-DC82D9510FAE}"
EndProject
Project("{FAE04EC0-301F-11D3-BF4B-00C04F79EFBC}") = "Tyuiu.KorolkovDS.Sprint4.Task5.V11", "Tyuiu.KorolkovDS.Sprint4.Task5.V11\Tyuiu.KorolkovDS.Sprint4.Task5.V11.csproj", "{F93FF494-8EC2-4896-8DE9-0E0A4133B85B}"
EndProject
Project("{FAE04EC0-301F-11D3-BF4B-00C04F79EFBC}") = "Tyuiu.KorolkovDS.Sprint4.Task5.V11.Lib", "Tyuiu.KorolkovDS.Sprint4.Task5.V11.Lib\Tyuiu.KorolkovDS.Sprint4.Task5.V11.Lib.csproj", "{D2CF795A-C6B6-4567-88C1-7FB42311C481}"
EndProject
Project("{FAE04EC0-301F-11D3-BF4B-00C04F79EFBC}") = "Tyuiu.KorolkovDS.Sprint4.Task5.V11.Test", "Tyuiu.KorolkovDS.Sprint4.Task5.V11.Test\Tyuiu.KorolkovDS.Sprint4.Task5.V11.Test.csproj", "{548C8FA7-2D04-45E5-83E7-28E522DA22A7}"
EndProject
Project("{2150E333-8FDC-42A3-9474-1A3956D46DE8}") = "Task6", "Task6", "{E210BEB2-4A2D-43A4-AF1F-6BA21F6DCDC9}"
EndProject
Project("{FAE04EC0-301F-11D3-BF4B-00C04F79EFBC}") = "Tyuiu.KorolkovDS.Sprint4.Task6.V1", "Tyuiu.KorolkovDS.Sprint4.Task6.V1\Tyuiu.KorolkovDS.Sprint4.Task6.V1.csproj", "{3057C3E2-DCFC-4685-AFAF-6791C0D0C3AD}"
EndProject
Project("{FAE04EC0-301F-11D3-BF4B-00C04F79EFBC}") = "Tyuiu.KorolkovDS.Sprint4.Task6.V1.Lib", "Tyuiu.KorolkovDS.Sprint4.Task6.V1.Lib\Tyuiu.KorolkovDS.Sprint4.Task6.V1.Lib.csproj", "{470301F7-24C7-4254-B62D-63C4FD91F534}"
EndProject
Project("{FAE04EC0-301F-11D3-BF4B-00C04F79EFBC}") = "Tyuiu.KorolkovDS.Sprint4.Task6.V1.Test", "Tyuiu.KorolkovDS.Sprint4.Task6.V1.Test\Tyuiu.KorolkovDS.Sprint4.Task6.V1.Test.csproj", "{3FC16E1B-3DEC-4D31-A711-DF58EC846FCA}"
EndProject
Project("{2150E333-8FDC-42A3-9474-1A3956D46DE8}") = "Task7", "Task7", "{FF1FE3A4-6062-4510-871F-5879A8F015E3}"
EndProject
Project("{FAE04EC0-301F-11D3-BF4B-00C04F79EFBC}") = "Tyuiu.KorolkovDS.Sprint4.Task7.V15", "Tyuiu.KorolkovDS.Sprint4.Task7.V15\Tyuiu.KorolkovDS.Sprint4.Task7.V15.csproj", "{E72F77C7-9934-4B3B-A2E4-907B32798556}"
EndProject
Project("{FAE04EC0-301F-11D3-BF4B-00C04F79EFBC}") = "Tyuiu.KorolkovDS.Sprint4.Task7.V15.Lib", "Tyuiu.KorolkovDS.Sprint4.Task7.V15.Lib\Tyuiu.KorolkovDS.Sprint4.Task7.V15.Lib.csproj", "{52FD0A75-94D2-4467-8C9B-B84D7482D55B}"
EndProject
Project("{FAE04EC0-301F-11D3-BF4B-00C04F79EFBC}") = "Tyuiu.KorolkovDS.Sprint4.Task7.V15.Test", "Tyuiu.KorolkovDS.Sprint4.Task7.V15.Test\Tyuiu.KorolkovDS.Sprint4.Task7.V15.Test.csproj", "{FC2FF2B4-EEF7-48EE-8B78-F2EE2E669B7A}"
EndProject
Global
	GlobalSection(SolutionConfigurationPlatforms) = preSolution
		Debug|Any CPU = Debug|Any CPU
		Release|Any CPU = Release|Any CPU
	EndGlobalSection
	GlobalSection(ProjectConfigurationPlatforms) = postSolution
		{73323DA3-6BE9-4EB3-91C5-70ACE082445E}.Debug|Any CPU.ActiveCfg = Debug|Any CPU
		{73323DA3-6BE9-4EB3-91C5-70ACE082445E}.Debug|Any CPU.Build.0 = Debug|Any CPU
		{73323DA3-6BE9-4EB3-91C5-70ACE082445E}.Release|Any CPU.ActiveCfg = Release|Any CPU
		{73323DA3-6BE9-4EB3-91C5-70ACE082445E}.Release|Any CPU.Build.0 = Release|Any CPU
		{D8998220-1D5B-4EF6-85F1-95BD9E071312}.Debug|Any CPU.ActiveCfg = Debug|Any CPU
		{D8998220-1D5B-4EF6-85F1-95BD9E071312}.Debug|Any CPU.Build.0 = Debug|Any CPU
		{D8998220-1D5B-4EF6-85F1-95BD9E071312}.Release|Any CPU.ActiveCfg = Release|Any CPU
		{D8998220-1D5B-4EF6-85F1-95BD9E071312}.Release|Any CPU.Build.0 = Release|Any CPU
		{4A9204CE-F64C-4351-A082-2D385719DB69}.Debug|Any CPU.ActiveCfg = Debug|Any CPU
		{4A9204CE-F64C-4351-A082-2D385719DB69}.Debug|Any CPU.Build.0 = Debug|Any CPU
		{4A9204CE-F64C-4351-A082-2D385719DB69}.Release|Any CPU.ActiveCfg = Release|Any CPU
		{4A9204CE-F64C-4351-A082-2D385719DB69}.Release|Any CPU.Build.0 = Release|Any CPU
		{B585AF11-5D50-4EAD-BD36-51FC2E2E9128}.Debug|Any CPU.ActiveCfg = Debug|Any CPU
		{B585AF11-5D50-4EAD-BD36-51FC2E2E9128}.Debug|Any CPU.Build.0 = Debug|Any CPU
		{B585AF11-5D50-4EAD-BD36-51FC2E2E9128}.Release|Any CPU.ActiveCfg = Release|Any CPU
		{B585AF11-5D50-4EAD-BD36-51FC2E2E9128}.Release|Any CPU.Build.0 = Release|Any CPU
		{F1285B38-C246-44F4-AD01-98E534DB0FBD}.Debug|Any CPU.ActiveCfg = Debug|Any CPU
		{F1285B38-C246-44F4-AD01-98E534DB0FBD}.Debug|Any CPU.Build.0 = Debug|Any CPU
		{F1285B38-C246-44F4-AD01-98E534DB0FBD}.Release|Any CPU.ActiveCfg = Release|Any CPU
		{F1285B38-C246-44F4-AD01-98E534DB0FBD}.Release|Any CPU.Build.0 = Release|Any CPU
		{F5DEFE0D-777D-40D2-94FB-E02D639F5711}.Debug|Any CPU.ActiveCfg = Debug|Any CPU
		{F5DEFE0D-777D-40D2-94FB-E02D639F5711}.Debug|Any CPU.Build.0 = Debug|Any CPU
		{F5DEFE0D-777D-40D2-94FB-E02D639F5711}.Release|Any CPU.ActiveCfg = Release|Any CPU
		{F5DEFE0D-777D-40D2-94FB-E02D639F5711}.Release|Any CPU.Build.0 = Release|Any CPU
		{419E37BA-3957-465F-BD3B-6F19DBC38587}.Debug|Any CPU.ActiveCfg = Debug|Any CPU
		{419E37BA-3957-465F-BD3B-6F19DBC38587}.Debug|Any CPU.Build.0 = Debug|Any CPU
		{419E37BA-3957-465F-BD3B-6F19DBC38587}.Release|Any CPU.ActiveCfg = Release|Any CPU
		{419E37BA-3957-465F-BD3B-6F19DBC38587}.Release|Any CPU.Build.0 = Release|Any CPU
		{5A8615C2-D6AB-423C-9EAC-D8FEBD7DFD81}.Debug|Any CPU.ActiveCfg = Debug|Any CPU
		{5A8615C2-D6AB-423C-9EAC-D8FEBD7DFD81}.Debug|Any CPU.Build.0 = Debug|Any CPU
		{5A8615C2-D6AB-423C-9EAC-D8FEBD7DFD81}.Release|Any CPU.ActiveCfg = Release|Any CPU
		{5A8615C2-D6AB-423C-9EAC-D8FEBD7DFD81}.Release|Any CPU.Build.0 = Release|Any CPU
		{B115A721-0730-45B9-91D8-B39BED84A269}.Debug|Any CPU.ActiveCfg = Debug|Any CPU
		{B115A721-0730-45B9-91D8-B39BED84A269}.Debug|Any CPU.Build.0 = Debug|Any CPU
		{B115A721-0730-45B9-91D8-B39BED84A269}.Release|Any CPU.ActiveCfg = Release|Any CPU
		{B115A721-0730-45B9-91D8-B39BED84A269}.Release|Any CPU.Build.0 = Release|Any CPU
		{C9C8F63A-15EA-47C7-BF51-ACA645F7FA4E}.Debug|Any CPU.ActiveCfg = Debug|Any CPU
		{C9C8F63A-15EA-47C7-BF51-ACA645F7FA4E}.Debug|Any CPU.Build.0 = Debug|Any CPU
		{C9C8F63A-15EA-47C7-BF51-ACA645F7FA4E}.Release|Any CPU.ActiveCfg = Release|Any CPU
		{C9C8F63A-15EA-47C7-BF51-ACA645F7FA4E}.Release|Any CPU.Build.0 = Release|Any CPU
		{64BC2FC7-3C46-43BE-9F2A-7821E8F65C22}.Debug|Any CPU.ActiveCfg = Debug|Any CPU
		{64BC2FC7-3C46-43BE-9F2A-7821E8F65C22}.Debug|Any CPU.Build.0 = Debug|Any CPU
		{64BC2FC7-3C46-43BE-9F2A-7821E8F65C22}.Release|Any CPU.ActiveCfg = Release|Any CPU
		{64BC2FC7-3C46-43BE-9F2A-7821E8F65C22}.Release|Any CPU.Build.0 = Release|Any CPU
		{3B64C288-45CA-43D8-8E20-C18D94986E29}.Debug|Any CPU.ActiveCfg = Debug|Any CPU
		{3B64C288-45CA-43D8-8E20-C18D94986E29}.Debug|Any CPU.Build.0 = Debug|Any CPU
		{3B64C288-45CA-43D8-8E20-C18D94986E29}.Release|Any CPU.ActiveCfg = Release|Any CPU
		{3B64C288-45CA-43D8-8E20-C18D94986E29}.Release|Any CPU.Build.0 = Release|Any CPU
		{987BA7B7-4041-4C53-9A5A-0D545C947DD6}.Debug|Any CPU.ActiveCfg = Debug|Any CPU
		{987BA7B7-4041-4C53-9A5A-0D545C947DD6}.Debug|Any CPU.Build.0 = Debug|Any CPU
		{987BA7B7-4041-4C53-9A5A-0D545C947DD6}.Release|Any CPU.ActiveCfg = Release|Any CPU
		{987BA7B7-4041-4C53-9A5A-0D545C947DD6}.Release|Any CPU.Build.0 = Release|Any CPU
		{F6FF7BEA-3ECF-4C89-8D40-CE63B0F4FEA3}.Debug|Any CPU.ActiveCfg = Debug|Any CPU
		{F6FF7BEA-3ECF-4C89-8D40-CE63B0F4FEA3}.Debug|Any CPU.Build.0 = Debug|Any CPU
		{F6FF7BEA-3ECF-4C89-8D40-CE63B0F4FEA3}.Release|Any CPU.ActiveCfg = Release|Any CPU
		{F6FF7BEA-3ECF-4C89-8D40-CE63B0F4FEA3}.Release|Any CPU.Build.0 = Release|Any CPU
		{C61A4A68-CFAA-4B0C-827D-0F3AC2E32450}.Debug|Any CPU.ActiveCfg = Debug|Any CPU
		{C61A4A68-CFAA-4B0C-827D-0F3AC2E32450}.Debug|Any CPU.Build.0 = Debug|Any CPU
		{C61A4A68-CFAA-4B0C-827D-0F3AC2E32450}.Release|Any CPU.ActiveCfg = Release|Any CPU
		{C61A4A68-CFAA-4B0C-827D-0F3AC2E32450}.Release|Any CPU.Build.0 = Release|Any CPU
		{F93FF494-8EC2-4896-8DE9-0E0A4133B85B}.Debug|Any CPU.ActiveCfg = Debug|Any CPU
		{F93FF494-8EC2-4896-8DE9-0E0A4133B85B}.Debug|Any CPU.Build.0 = Debug|Any CPU
		{F93FF494-8EC2-4896-8DE9-0E0A4133B85B}.Release|Any CPU.ActiveCfg = Release|Any CPU
		{F93FF494-8EC2-4896-8DE9-0E0A4133B85B}.Release|Any CPU.Build.0 = Release|Any CPU
		{D2CF795A-C6B6-4567-88C1-7FB42311C481}.Debug|Any CPU.ActiveCfg = Debug|Any CPU
		{D2CF795A-C6B6-4567-88C1-7FB42311C481}.Debug|Any CPU.Build.0 = Debug|Any CPU
		{D2CF795A-C6B6-4567-88C1-7FB42311C481}.Release|Any CPU.ActiveCfg = Release|Any CPU
		{D2CF795A-C6B6-4567-88C1-7FB42311C481}.Release|Any CPU.Build.0 = Release|Any CPU
		{548C8FA7-2D04-45E5-83E7-28E522DA22A7}.Debug|Any CPU.ActiveCfg = Debug|Any CPU
		{548C8FA7-2D04-45E5-83E7-28E522DA22A7}.Debug|Any CPU.Build.0 = Debug|Any CPU
		{548C8FA7-2D04-45E5-83E7-28E522DA22A7}.Release|Any CPU.ActiveCfg = Release|Any CPU
		{548C8FA7-2D04-45E5-83E7-28E522DA22A7}.Release|Any CPU.Build.0 = Release|Any CPU
		{3057C3E2-DCFC-4685-AFAF-6791C0D0C3AD}.Debug|Any CPU.ActiveCfg = Debug|Any CPU
		{3057C3E2-DCFC-4685-AFAF-6791C0D0C3AD}.Debug|Any CPU.Build.0 = Debug|Any CPU
		{3057C3E2-DCFC-4685-AFAF-6791C0D0C3AD}.Release|Any CPU.ActiveCfg = Release|Any CPU
		{3057C3E2-DCFC-4685-AFAF-6791C0D0C3AD}.Release|Any CPU.Build.0 = Release|Any CPU
		{470301F7-24C7-4254-B62D-63C4FD91F534}.Debug|Any CPU.ActiveCfg = Debug|Any CPU
		{470301F7-24C7-4254-B62D-63C4FD91F534}.Debug|Any CPU.Build.0 = Debug|Any CPU
		{470301F7-24C7-4254-B62D-63C4FD91F534}.Release|Any CPU.ActiveCfg = Release|Any CPU
		{470301F7-24C7-4254-B62D-63C4FD91F534}.Release|Any CPU.Build.0 = Release|Any CPU
		{3FC16E1B-3DEC-4D31-A711-DF58EC846FCA}.Debug|Any CPU.ActiveCfg = Debug|Any CPU
		{3FC16E1B-3DEC-4D31-A711-DF58EC846FCA}.Debug|Any CPU.Build.0 = Debug|Any CPU
		{3FC16E1B-3DEC-4D31-A711-DF58EC846FCA}.Release|Any CPU.ActiveCfg = Release|Any CPU
		{3FC16E1B-3DEC-4D31-A711-DF58EC846FCA}.Release|Any CPU.Build.0 = Release|Any CPU
		{E72F77C7-9934-4B3B-A2E4-907B32798556}.Debug|Any CPU.ActiveCfg = Debug|Any CPU
		{E72F77C7-9934-4B3B-A2E4-907B32798556}.Debug|Any CPU.Build.0 = Debug|Any CPU
		{E72F77C7-9934-4B3B-A2E4-907B32798556}.Release|Any CPU.ActiveCfg = Release|Any CPU
		{E72F77C7-9934-4B3B-A2E4-907B32798556}.Release|Any CPU.Build.0 = Release|Any CPU
		{52FD0A75-94D2-4467-8C9B-B84D7482D55B}.Debug|Any CPU.ActiveCfg = Debug|Any CPU
		{52FD0A75-94D2-4467-8C9B-B84D7482D55B}.Debug|Any CPU.Build.0 = Debug|Any CPU
		{52FD0A75-94D2-4467-8C9B-B84D7482D55B}.Release|Any CPU.ActiveCfg = Release|Any CPU
		{52FD0A75-94D2-4467-8C9B-B84D7482D55B}.Release|Any CPU.Build.0 = Release|Any CPU
		{FC2FF2B4-EEF7-48EE-8B78-F2EE2E669B7A}.Debug|Any CPU.ActiveCfg = Debug|Any CPU
		{FC2FF2B4-EEF7-48EE-8B78-F2EE2E669B7A}.Debug|Any CPU.Build.0 = Debug|Any CPU
		{FC2FF2B4-EEF7-48EE-8B78-F2EE2E669B7A}.Release|Any CPU.ActiveCfg = Release|Any CPU
		{FC2FF2B4-EEF7-48EE-8B78-F2EE2E669B7A}.Release|Any CPU.Build.0 = Release|Any CPU
	EndGlobalSection
	GlobalSection(SolutionProperties) = preSolution
		HideSolutionNode = FALSE
	EndGlobalSection
	GlobalSection(NestedProjects) = preSolution
		{73323DA3-6BE9-4EB3-91C5-70ACE082445E} = {02EA681E-C7D8-13C7-8484-4AC65E1B71E8}
		{D8998220-1D5B-4EF6-85F1-95BD9E071312} = {02EA681E-C7D8-13C7-8484-4AC65E1B71E8}
		{4A9204CE-F64C-4351-A082-2D385719DB69} = {02EA681E-C7D8-13C7-8484-4AC65E1B71E8}
		{B585AF11-5D50-4EAD-BD36-51FC2E2E9128} = {E5D044E6-6B67-4853-AB1D-5D933CDC9C52}
		{F1285B38-C246-44F4-AD01-98E534DB0FBD} = {E5D044E6-6B67-4853-AB1D-5D933CDC9C52}
		{F5DEFE0D-777D-40D2-94FB-E02D639F5711} = {E5D044E6-6B67-4853-AB1D-5D933CDC9C52}
		{419E37BA-3957-465F-BD3B-6F19DBC38587} = {A47DC049-1DA8-44CB-AEBE-2EBA94FE3855}
		{5A8615C2-D6AB-423C-9EAC-D8FEBD7DFD81} = {A47DC049-1DA8-44CB-AEBE-2EBA94FE3855}
		{B115A721-0730-45B9-91D8-B39BED84A269} = {A47DC049-1DA8-44CB-AEBE-2EBA94FE3855}
		{C9C8F63A-15EA-47C7-BF51-ACA645F7FA4E} = {1839EF2E-7894-4DB7-A0CA-CCF3381B327B}
		{64BC2FC7-3C46-43BE-9F2A-7821E8F65C22} = {1839EF2E-7894-4DB7-A0CA-CCF3381B327B}
		{3B64C288-45CA-43D8-8E20-C18D94986E29} = {1839EF2E-7894-4DB7-A0CA-CCF3381B327B}
		{987BA7B7-4041-4C53-9A5A-0D545C947DD6} = {2ED02700-8F22-4490-8E08-995D6D7BBA76}
		{F6FF7BEA-3ECF-4C89-8D40-CE63B0F4FEA3} = {2ED02700-8F22-4490-8E08-995D6D7BBA76}
		{C61A4A68-CFAA-4B0C-827D-0F3AC2E32450} = {2ED02700-8F22-4490-8E08-995D6D7BBA76}
		{F93FF494-8EC2-4896-8DE9-0E0A4133B85B} = {959BFD03-1E9A-450A-B566-DC82D9510FAE}
		{D2CF795A-C6B6-4567-88C1-7FB42311C481} = {959BFD03-1E9A-450A-B566-DC82D9510FAE}
		{548C8FA7-2D04-45E5-83E7-28E522DA22A7} = {959BFD03-1E9A-450A-B566-DC82D9510FAE}
		{3057C3E2-DCFC-4685-AFAF-6791C0D0C3AD} = {E210BEB2-4A2D-43A4-AF1F-6BA21F6DCDC9}
		{470301F7-24C7-4254-B62D-63C4FD91F534} = {E210BEB2-4A2D-43A4-AF1F-6BA21F6DCDC9}
		{3FC16E1B-3DEC-4D31-A711-DF58EC846FCA} = {E210BEB2-4A2D-43A4-AF1F-6BA21F6DCDC9}
		{E72F77C7-9934-4B3B-A2E4-907B32798556} = {FF1FE3A4-6062-4510-871F-5879A8F015E3}
		{52FD0A75-94D2-4467-8C9B-B84D7482D55B} = {FF1FE3A4-6062-4510-871F-5879A8F015E3}
		{FC2FF2B4-EEF7-48EE-8B78-F2EE2E669B7A} = {FF1FE3A4-6062-4510-871F-5879A8F015E3}
	EndGlobalSection
	GlobalSection(ExtensibilityGlobals) = postSolution
		SolutionGuid = {BF2D1EEB-C31D-4AE0-953D-0FD356E6104C}
	EndGlobalSection
EndGlobal
